
Microsoft Visual Studio Solution File, Format Version 12.00
# Visual Studio 2013
VisualStudioVersion = 12.0.30723.0
MinimumVisualStudioVersion = 10.0.40219.1
Project("{FAE04EC0-301F-11D3-BF4B-00C04F79EFBC}") = "TG.LogToday", "TG.LogToday\TG.LogToday.csproj", "{EAB38627-A8C8-4420-ADBD-0EC8613BE672}"
EndProject
Project("{FAE04EC0-301F-11D3-BF4B-00C04F79EFBC}") = "TG.LogToday.Tests", "TG.LogToday.Tests\TG.LogToday.Tests.csproj", "{218528A0-ECB3-42D7-95B4-550CBCEAAE06}"
EndProject
Global
	GlobalSection(SolutionConfigurationPlatforms) = preSolution
		Debug|Any CPU = Debug|Any CPU
		Release|Any CPU = Release|Any CPU
	EndGlobalSection
	GlobalSection(ProjectConfigurationPlatforms) = postSolution
		{EAB38627-A8C8-4420-ADBD-0EC8613BE672}.Debug|Any CPU.ActiveCfg = Debug|Any CPU
		{EAB38627-A8C8-4420-ADBD-0EC8613BE672}.Debug|Any CPU.Build.0 = Debug|Any CPU
		{EAB38627-A8C8-4420-ADBD-0EC8613BE672}.Release|Any CPU.ActiveCfg = Release|Any CPU
		{EAB38627-A8C8-4420-ADBD-0EC8613BE672}.Release|Any CPU.Build.0 = Release|Any CPU
		{218528A0-ECB3-42D7-95B4-550CBCEAAE06}.Debug|Any CPU.ActiveCfg = Debug|Any CPU
		{218528A0-ECB3-42D7-95B4-550CBCEAAE06}.Debug|Any CPU.Build.0 = Debug|Any CPU
		{218528A0-ECB3-42D7-95B4-550CBCEAAE06}.Release|Any CPU.ActiveCfg = Release|Any CPU
		{218528A0-ECB3-42D7-95B4-550CBCEAAE06}.Release|Any CPU.Build.0 = Release|Any CPU
	EndGlobalSection
	GlobalSection(SolutionProperties) = preSolution
		HideSolutionNode = FALSE
	EndGlobalSection
EndGlobal
